
Microsoft Visual Studio Solution File, Format Version 12.00
# Visual Studio Version 16
VisualStudioVersion = 16.0.31424.327
MinimumVisualStudioVersion = 10.0.40219.1
Project("{9A19103F-16F7-4668-BE54-9A1E7A4F7556}") = "DotNetCore", "DotNetCore.csproj", "{A1826587-2189-42A9-8ACA-5B8BF187D5A3}"
EndProject
Global
	GlobalSection(SolutionConfigurationPlatforms) = preSolution
		Debug|Any CPU = Debug|Any CPU
		Release|Any CPU = Release|Any CPU
	EndGlobalSection
	GlobalSection(ProjectConfigurationPlatforms) = postSolution
		{A1826587-2189-42A9-8ACA-5B8BF187D5A3}.Debug|Any CPU.ActiveCfg = Debug|Any CPU
		{A1826587-2189-42A9-8ACA-5B8BF187D5A3}.Debug|Any CPU.Build.0 = Debug|Any CPU
		{A1826587-2189-42A9-8ACA-5B8BF187D5A3}.Release|Any CPU.ActiveCfg = Release|Any CPU
		{A1826587-2189-42A9-8ACA-5B8BF187D5A3}.Release|Any CPU.Build.0 = Release|Any CPU
	EndGlobalSection
	GlobalSection(SolutionProperties) = preSolution
		HideSolutionNode = FALSE
	EndGlobalSection
	GlobalSection(ExtensibilityGlobals) = postSolution
		SolutionGuid = {436BD1A5-205C-46E3-8C60-4947B359946B}
	EndGlobalSection
EndGlobal
